// !$*UTF8*$!
{
	archiveVersion = 1;
	classes = {
	};
	objectVersion = 51;
	objects = {

/* Begin PBXBuildFile section */
		01742589141A7B8D004AEBD7 /* Pods_Skinema.framework in Frameworks */ = {isa = PBXBuildFile; fileRef = AEB996C28BD1AAFB07156CBA /* Pods_Skinema.framework */; };
		C92F3D452486F302007055BF /* StorageManager.swift in Sources */ = {isa = PBXBuildFile; fileRef = C92F3D442486F302007055BF /* StorageManager.swift */; };
		C9956096247A921800BED22D /* CustomTableViewCell.swift in Sources */ = {isa = PBXBuildFile; fileRef = C9956095247A921800BED22D /* CustomTableViewCell.swift */; };
		C9956098247A986C00BED22D /* PlaceModel.swift in Sources */ = {isa = PBXBuildFile; fileRef = C9956097247A986C00BED22D /* PlaceModel.swift */; };
		C995609A247B09CA00BED22D /* NewPlaceViewController.swift in Sources */ = {isa = PBXBuildFile; fileRef = C9956099247B09CA00BED22D /* NewPlaceViewController.swift */; };
		C9B454D7247172D800560B22 /* AppDelegate.swift in Sources */ = {isa = PBXBuildFile; fileRef = C9B454D6247172D800560B22 /* AppDelegate.swift */; };
		C9B454D9247172D800560B22 /* SceneDelegate.swift in Sources */ = {isa = PBXBuildFile; fileRef = C9B454D8247172D800560B22 /* SceneDelegate.swift */; };
		C9B454DE247172D800560B22 /* Main.storyboard in Resources */ = {isa = PBXBuildFile; fileRef = C9B454DC247172D800560B22 /* Main.storyboard */; };
		C9B454E0247172D900560B22 /* Assets.xcassets in Resources */ = {isa = PBXBuildFile; fileRef = C9B454DF247172D900560B22 /* Assets.xcassets */; };
		C9B454E3247172D900560B22 /* LaunchScreen.storyboard in Resources */ = {isa = PBXBuildFile; fileRef = C9B454E1247172D900560B22 /* LaunchScreen.storyboard */; };
		C9B454EB2471736A00560B22 /* MainViewController.swift in Sources */ = {isa = PBXBuildFile; fileRef = C9B454EA2471736A00560B22 /* MainViewController.swift */; };
		C9DABCE3249C0A1500C68D35 /* MapViewController.swift in Sources */ = {isa = PBXBuildFile; fileRef = C9DABCE2249C0A1500C68D35 /* MapViewController.swift */; };
		C9FAF05E249819FE0082C2D8 /* RatingControl.swift in Sources */ = {isa = PBXBuildFile; fileRef = C9FAF05D249819FE0082C2D8 /* RatingControl.swift */; };
/* End PBXBuildFile section */

/* Begin PBXFileReference section */
		38E87D9657F4024F9DC67ADD /* Pods-Skinema.debug.xcconfig */ = {isa = PBXFileReference; includeInIndex = 1; lastKnownFileType = text.xcconfig; name = "Pods-Skinema.debug.xcconfig"; path = "Target Support Files/Pods-Skinema/Pods-Skinema.debug.xcconfig"; sourceTree = "<group>"; };
		6B30CCBEC43E5941097FF6BF /* Pods-Skinema.release.xcconfig */ = {isa = PBXFileReference; includeInIndex = 1; lastKnownFileType = text.xcconfig; name = "Pods-Skinema.release.xcconfig"; path = "Target Support Files/Pods-Skinema/Pods-Skinema.release.xcconfig"; sourceTree = "<group>"; };
		AEB996C28BD1AAFB07156CBA /* Pods_Skinema.framework */ = {isa = PBXFileReference; explicitFileType = wrapper.framework; includeInIndex = 0; path = Pods_Skinema.framework; sourceTree = BUILT_PRODUCTS_DIR; };
		C92F3D442486F302007055BF /* StorageManager.swift */ = {isa = PBXFileReference; lastKnownFileType = sourcecode.swift; path = StorageManager.swift; sourceTree = "<group>"; };
		C9956095247A921800BED22D /* CustomTableViewCell.swift */ = {isa = PBXFileReference; lastKnownFileType = sourcecode.swift; path = CustomTableViewCell.swift; sourceTree = "<group>"; };
		C9956097247A986C00BED22D /* PlaceModel.swift */ = {isa = PBXFileReference; lastKnownFileType = sourcecode.swift; path = PlaceModel.swift; sourceTree = "<group>"; };
		C9956099247B09CA00BED22D /* NewPlaceViewController.swift */ = {isa = PBXFileReference; lastKnownFileType = sourcecode.swift; path = NewPlaceViewController.swift; sourceTree = "<group>"; };
		C9B454D3247172D800560B22 /* FavPlace.app */ = {isa = PBXFileReference; explicitFileType = wrapper.application; includeInIndex = 0; path = FavPlace.app; sourceTree = BUILT_PRODUCTS_DIR; };
		C9B454D6247172D800560B22 /* AppDelegate.swift */ = {isa = PBXFileReference; lastKnownFileType = sourcecode.swift; path = AppDelegate.swift; sourceTree = "<group>"; };
		C9B454D8247172D800560B22 /* SceneDelegate.swift */ = {isa = PBXFileReference; lastKnownFileType = sourcecode.swift; path = SceneDelegate.swift; sourceTree = "<group>"; };
		C9B454DD247172D800560B22 /* Base */ = {isa = PBXFileReference; lastKnownFileType = file.storyboard; name = Base; path = Base.lproj/Main.storyboard; sourceTree = "<group>"; };
		C9B454DF247172D900560B22 /* Assets.xcassets */ = {isa = PBXFileReference; lastKnownFileType = folder.assetcatalog; path = Assets.xcassets; sourceTree = "<group>"; };
		C9B454E2247172D900560B22 /* Base */ = {isa = PBXFileReference; lastKnownFileType = file.storyboard; name = Base; path = Base.lproj/LaunchScreen.storyboard; sourceTree = "<group>"; };
		C9B454E4247172D900560B22 /* Info.plist */ = {isa = PBXFileReference; lastKnownFileType = text.plist.xml; path = Info.plist; sourceTree = "<group>"; };
		C9B454EA2471736A00560B22 /* MainViewController.swift */ = {isa = PBXFileReference; lastKnownFileType = sourcecode.swift; path = MainViewController.swift; sourceTree = "<group>"; };
		C9DABCE2249C0A1500C68D35 /* MapViewController.swift */ = {isa = PBXFileReference; lastKnownFileType = sourcecode.swift; path = MapViewController.swift; sourceTree = "<group>"; };
		C9FAF05D249819FE0082C2D8 /* RatingControl.swift */ = {isa = PBXFileReference; lastKnownFileType = sourcecode.swift; path = RatingControl.swift; sourceTree = "<group>"; };
/* End PBXFileReference section */

/* Begin PBXFrameworksBuildPhase section */
		C9B454D0247172D800560B22 /* Frameworks */ = {
			isa = PBXFrameworksBuildPhase;
			buildActionMask = 2147483647;
			files = (
				01742589141A7B8D004AEBD7 /* Pods_Skinema.framework in Frameworks */,
			);
			runOnlyForDeploymentPostprocessing = 0;
		};
/* End PBXFrameworksBuildPhase section */

/* Begin PBXGroup section */
		852545914037966D2F4C71B0 /* Pods */ = {
			isa = PBXGroup;
			children = (
				38E87D9657F4024F9DC67ADD /* Pods-Skinema.debug.xcconfig */,
				6B30CCBEC43E5941097FF6BF /* Pods-Skinema.release.xcconfig */,
			);
			path = Pods;
			sourceTree = "<group>";
		};
		B19594F36EC2E1EE827FDADA /* Frameworks */ = {
			isa = PBXGroup;
			children = (
				AEB996C28BD1AAFB07156CBA /* Pods_Skinema.framework */,
			);
			name = Frameworks;
			sourceTree = "<group>";
		};
		C9B454CA247172D800560B22 = {
			isa = PBXGroup;
			children = (
				C9B454D5247172D800560B22 /* Skinema */,
				C9B454D4247172D800560B22 /* Products */,
				852545914037966D2F4C71B0 /* Pods */,
				B19594F36EC2E1EE827FDADA /* Frameworks */,
			);
			sourceTree = "<group>";
		};
		C9B454D4247172D800560B22 /* Products */ = {
			isa = PBXGroup;
			children = (
				C9B454D3247172D800560B22 /* FavPlace.app */,
			);
			name = Products;
			sourceTree = "<group>";
		};
		C9B454D5247172D800560B22 /* Skinema */ = {
			isa = PBXGroup;
			children = (
				C9B454D6247172D800560B22 /* AppDelegate.swift */,
				C9B454EA2471736A00560B22 /* MainViewController.swift */,
				C9956099247B09CA00BED22D /* NewPlaceViewController.swift */,
				C9DABCE2249C0A1500C68D35 /* MapViewController.swift */,
				C9956097247A986C00BED22D /* PlaceModel.swift */,
				C92F3D442486F302007055BF /* StorageManager.swift */,
				C9B454D8247172D800560B22 /* SceneDelegate.swift */,
				C9956095247A921800BED22D /* CustomTableViewCell.swift */,
				C9FAF05D249819FE0082C2D8 /* RatingControl.swift */,
				C9B454DC247172D800560B22 /* Main.storyboard */,
				C9B454DF247172D900560B22 /* Assets.xcassets */,
				C9B454E1247172D900560B22 /* LaunchScreen.storyboard */,
				C9B454E4247172D900560B22 /* Info.plist */,
			);
			path = Skinema;
			sourceTree = "<group>";
		};
/* End PBXGroup section */

/* Begin PBXNativeTarget section */
		C9B454D2247172D800560B22 /* Skinema */ = {
			isa = PBXNativeTarget;
			buildConfigurationList = C9B454E7247172D900560B22 /* Build configuration list for PBXNativeTarget "Skinema" */;
			buildPhases = (
				76C58BA4B2F4E935E5C890E6 /* [CP] Check Pods Manifest.lock */,
				C9B454CF247172D800560B22 /* Sources */,
				C9B454D0247172D800560B22 /* Frameworks */,
				C9B454D1247172D800560B22 /* Resources */,
				C73105B2F94727E387BF998D /* [CP] Embed Pods Frameworks */,
			);
			buildRules = (
			);
			dependencies = (
			);
			name = Skinema;
			productName = Skinema;
			productReference = C9B454D3247172D800560B22 /* FavPlace.app */;
			productType = "com.apple.product-type.application";
		};
/* End PBXNativeTarget section */

/* Begin PBXProject section */
		C9B454CB247172D800560B22 /* Project object */ = {
			isa = PBXProject;
			attributes = {
				LastSwiftUpdateCheck = 1130;
				LastUpgradeCheck = 1130;
				ORGANIZATIONNAME = Hyperprism;
				TargetAttributes = {
					C9B454D2247172D800560B22 = {
						CreatedOnToolsVersion = 11.3.1;
					};
				};
			};
			buildConfigurationList = C9B454CE247172D800560B22 /* Build configuration list for PBXProject "Skinema" */;
			compatibilityVersion = "Xcode 9.3";
			developmentRegion = en;
			hasScannedForEncodings = 0;
			knownRegions = (
				en,
				Base,
			);
			mainGroup = C9B454CA247172D800560B22;
			productRefGroup = C9B454D4247172D800560B22 /* Products */;
			projectDirPath = "";
			projectRoot = "";
			targets = (
				C9B454D2247172D800560B22 /* Skinema */,
			);
		};
/* End PBXProject section */

/* Begin PBXResourcesBuildPhase section */
		C9B454D1247172D800560B22 /* Resources */ = {
			isa = PBXResourcesBuildPhase;
			buildActionMask = 2147483647;
			files = (
				C9B454E3247172D900560B22 /* LaunchScreen.storyboard in Resources */,
				C9B454E0247172D900560B22 /* Assets.xcassets in Resources */,
				C9B454DE247172D800560B22 /* Main.storyboard in Resources */,
			);
			runOnlyForDeploymentPostprocessing = 0;
		};
/* End PBXResourcesBuildPhase section */

/* Begin PBXShellScriptBuildPhase section */
		76C58BA4B2F4E935E5C890E6 /* [CP] Check Pods Manifest.lock */ = {
			isa = PBXShellScriptBuildPhase;
			buildActionMask = 2147483647;
			files = (
			);
			inputFileListPaths = (
			);
			inputPaths = (
				"${PODS_PODFILE_DIR_PATH}/Podfile.lock",
				"${PODS_ROOT}/Manifest.lock",
			);
			name = "[CP] Check Pods Manifest.lock";
			outputFileListPaths = (
			);
			outputPaths = (
				"$(DERIVED_FILE_DIR)/Pods-Skinema-checkManifestLockResult.txt",
			);
			runOnlyForDeploymentPostprocessing = 0;
			shellPath = /bin/sh;
			shellScript = "diff \"${PODS_PODFILE_DIR_PATH}/Podfile.lock\" \"${PODS_ROOT}/Manifest.lock\" > /dev/null\nif [ $? != 0 ] ; then\n    # print error to STDERR\n    echo \"error: The sandbox is not in sync with the Podfile.lock. Run 'pod install' or update your CocoaPods installation.\" >&2\n    exit 1\nfi\n# This output is used by Xcode 'outputs' to avoid re-running this script phase.\necho \"SUCCESS\" > \"${SCRIPT_OUTPUT_FILE_0}\"\n";
			showEnvVarsInLog = 0;
		};
		C73105B2F94727E387BF998D /* [CP] Embed Pods Frameworks */ = {
			isa = PBXShellScriptBuildPhase;
			buildActionMask = 2147483647;
			files = (
			);
			inputFileListPaths = (
				"${PODS_ROOT}/Target Support Files/Pods-Skinema/Pods-Skinema-frameworks-${CONFIGURATION}-input-files.xcfilelist",
			);
			name = "[CP] Embed Pods Frameworks";
			outputFileListPaths = (
				"${PODS_ROOT}/Target Support Files/Pods-Skinema/Pods-Skinema-frameworks-${CONFIGURATION}-output-files.xcfilelist",
			);
			runOnlyForDeploymentPostprocessing = 0;
			shellPath = /bin/sh;
			shellScript = "\"${PODS_ROOT}/Target Support Files/Pods-Skinema/Pods-Skinema-frameworks.sh\"\n";
			showEnvVarsInLog = 0;
		};
/* End PBXShellScriptBuildPhase section */

/* Begin PBXSourcesBuildPhase section */
		C9B454CF247172D800560B22 /* Sources */ = {
			isa = PBXSourcesBuildPhase;
			buildActionMask = 2147483647;
			files = (
				C9B454EB2471736A00560B22 /* MainViewController.swift in Sources */,
				C995609A247B09CA00BED22D /* NewPlaceViewController.swift in Sources */,
				C9B454D7247172D800560B22 /* AppDelegate.swift in Sources */,
				C92F3D452486F302007055BF /* StorageManager.swift in Sources */,
				C9DABCE3249C0A1500C68D35 /* MapViewController.swift in Sources */,
				C9FAF05E249819FE0082C2D8 /* RatingControl.swift in Sources */,
				C9956098247A986C00BED22D /* PlaceModel.swift in Sources */,
				C9956096247A921800BED22D /* CustomTableViewCell.swift in Sources */,
				C9B454D9247172D800560B22 /* SceneDelegate.swift in Sources */,
			);
			runOnlyForDeploymentPostprocessing = 0;
		};
/* End PBXSourcesBuildPhase section */

/* Begin PBXVariantGroup section */
		C9B454DC247172D800560B22 /* Main.storyboard */ = {
			isa = PBXVariantGroup;
			children = (
				C9B454DD247172D800560B22 /* Base */,
			);
			name = Main.storyboard;
			sourceTree = "<group>";
		};
		C9B454E1247172D900560B22 /* LaunchScreen.storyboard */ = {
			isa = PBXVariantGroup;
			children = (
				C9B454E2247172D900560B22 /* Base */,
			);
			name = LaunchScreen.storyboard;
			sourceTree = "<group>";
		};
/* End PBXVariantGroup section */

/* Begin XCBuildConfiguration section */
		C9B454E5247172D900560B22 /* Debug */ = {
			isa = XCBuildConfiguration;
			buildSettings = {
				ALWAYS_SEARCH_USER_PATHS = NO;
				CLANG_ANALYZER_NONNULL = YES;
				CLANG_ANALYZER_NUMBER_OBJECT_CONVERSION = YES_AGGRESSIVE;
				CLANG_CXX_LANGUAGE_STANDARD = "gnu++14";
				CLANG_CXX_LIBRARY = "libc++";
				CLANG_ENABLE_MODULES = YES;
				CLANG_ENABLE_OBJC_ARC = YES;
				CLANG_ENABLE_OBJC_WEAK = YES;
				CLANG_WARN_BLOCK_CAPTURE_AUTORELEASING = YES;
				CLANG_WARN_BOOL_CONVERSION = YES;
				CLANG_WARN_COMMA = YES;
				CLANG_WARN_CONSTANT_CONVERSION = YES;
				CLANG_WARN_DEPRECATED_OBJC_IMPLEMENTATIONS = YES;
				CLANG_WARN_DIRECT_OBJC_ISA_USAGE = YES_ERROR;
				CLANG_WARN_DOCUMENTATION_COMMENTS = YES;
				CLANG_WARN_EMPTY_BODY = YES;
				CLANG_WARN_ENUM_CONVERSION = YES;
				CLANG_WARN_INFINITE_RECURSION = YES;
				CLANG_WARN_INT_CONVERSION = YES;
				CLANG_WARN_NON_LITERAL_NULL_CONVERSION = YES;
				CLANG_WARN_OBJC_IMPLICIT_RETAIN_SELF = YES;
				CLANG_WARN_OBJC_LITERAL_CONVERSION = YES;
				CLANG_WARN_OBJC_ROOT_CLASS = YES_ERROR;
				CLANG_WARN_RANGE_LOOP_ANALYSIS = YES;
				CLANG_WARN_STRICT_PROTOTYPES = YES;
				CLANG_WARN_SUSPICIOUS_MOVE = YES;
				CLANG_WARN_UNGUARDED_AVAILABILITY = YES_AGGRESSIVE;
				CLANG_WARN_UNREACHABLE_CODE = YES;
				CLANG_WARN__DUPLICATE_METHOD_MATCH = YES;
				COPY_PHASE_STRIP = NO;
				DEBUG_INFORMATION_FORMAT = dwarf;
				ENABLE_STRICT_OBJC_MSGSEND = YES;
				ENABLE_TESTABILITY = YES;
				GCC_C_LANGUAGE_STANDARD = gnu11;
				GCC_DYNAMIC_NO_PIC = NO;
				GCC_NO_COMMON_BLOCKS = YES;
				GCC_OPTIMIZATION_LEVEL = 0;
				GCC_PREPROCESSOR_DEFINITIONS = (
					"DEBUG=1",
					"$(inherited)",
				);
				GCC_WARN_64_TO_32_BIT_CONVERSION = YES;
				GCC_WARN_ABOUT_RETURN_TYPE = YES_ERROR;
				GCC_WARN_UNDECLARED_SELECTOR = YES;
				GCC_WARN_UNINITIALIZED_AUTOS = YES_AGGRESSIVE;
				GCC_WARN_UNUSED_FUNCTION = YES;
				GCC_WARN_UNUSED_VARIABLE = YES;
				IPHONEOS_DEPLOYMENT_TARGET = 13.2;
				MTL_ENABLE_DEBUG_INFO = INCLUDE_SOURCE;
				MTL_FAST_MATH = YES;
				ONLY_ACTIVE_ARCH = YES;
				SDKROOT = iphoneos;
				SWIFT_ACTIVE_COMPILATION_CONDITIONS = DEBUG;
				SWIFT_OPTIMIZATION_LEVEL = "-Onone";
			};
			name = Debug;
		};
		C9B454E6247172D900560B22 /* Release */ = {
			isa = XCBuildConfiguration;
			buildSettings = {
				ALWAYS_SEARCH_USER_PATHS = NO;
				CLANG_ANALYZER_NONNULL = YES;
				CLANG_ANALYZER_NUMBER_OBJECT_CONVERSION = YES_AGGRESSIVE;
				CLANG_CXX_LANGUAGE_STANDARD = "gnu++14";
				CLANG_CXX_LIBRARY = "libc++";
				CLANG_ENABLE_MODULES = YES;
				CLANG_ENABLE_OBJC_ARC = YES;
				CLANG_ENABLE_OBJC_WEAK = YES;
				CLANG_WARN_BLOCK_CAPTURE_AUTORELEASING = YES;
				CLANG_WARN_BOOL_CONVERSION = YES;
				CLANG_WARN_COMMA = YES;
				CLANG_WARN_CONSTANT_CONVERSION = YES;
				CLANG_WARN_DEPRECATED_OBJC_IMPLEMENTATIONS = YES;
				CLANG_WARN_DIRECT_OBJC_ISA_USAGE = YES_ERROR;
				CLANG_WARN_DOCUMENTATION_COMMENTS = YES;
				CLANG_WARN_EMPTY_BODY = YES;
				CLANG_WARN_ENUM_CONVERSION = YES;
				CLANG_WARN_INFINITE_RECURSION = YES;
				CLANG_WARN_INT_CONVERSION = YES;
				CLANG_WARN_NON_LITERAL_NULL_CONVERSION = YES;
				CLANG_WARN_OBJC_IMPLICIT_RETAIN_SELF = YES;
				CLANG_WARN_OBJC_LITERAL_CONVERSION = YES;
				CLANG_WARN_OBJC_ROOT_CLASS = YES_ERROR;
				CLANG_WARN_RANGE_LOOP_ANALYSIS = YES;
				CLANG_WARN_STRICT_PROTOTYPES = YES;
				CLANG_WARN_SUSPICIOUS_MOVE = YES;
				CLANG_WARN_UNGUARDED_AVAILABILITY = YES_AGGRESSIVE;
				CLANG_WARN_UNREACHABLE_CODE = YES;
				CLANG_WARN__DUPLICATE_METHOD_MATCH = YES;
				COPY_PHASE_STRIP = NO;
				DEBUG_INFORMATION_FORMAT = "dwarf-with-dsym";
				ENABLE_NS_ASSERTIONS = NO;
				ENABLE_STRICT_OBJC_MSGSEND = YES;
				GCC_C_LANGUAGE_STANDARD = gnu11;
				GCC_NO_COMMON_BLOCKS = YES;
				GCC_WARN_64_TO_32_BIT_CONVERSION = YES;
				GCC_WARN_ABOUT_RETURN_TYPE = YES_ERROR;
				GCC_WARN_UNDECLARED_SELECTOR = YES;
				GCC_WARN_UNINITIALIZED_AUTOS = YES_AGGRESSIVE;
				GCC_WARN_UNUSED_FUNCTION = YES;
				GCC_WARN_UNUSED_VARIABLE = YES;
				IPHONEOS_DEPLOYMENT_TARGET = 13.2;
				MTL_ENABLE_DEBUG_INFO = NO;
				MTL_FAST_MATH = YES;
				SDKROOT = iphoneos;
				SWIFT_COMPILATION_MODE = wholemodule;
				SWIFT_OPTIMIZATION_LEVEL = "-O";
				VALIDATE_PRODUCT = YES;
			};
			name = Release;
		};
		C9B454E8247172D900560B22 /* Debug */ = {
			isa = XCBuildConfiguration;
			baseConfigurationReference = 38E87D9657F4024F9DC67ADD /* Pods-Skinema.debug.xcconfig */;
			buildSettings = {
				ASSETCATALOG_COMPILER_APPICON_NAME = AppIcon;
				CODE_SIGN_STYLE = Automatic;
				DEVELOPMENT_TEAM = GKZ7DJWHAN;
				INFOPLIST_FILE = Skinema/Info.plist;
				LD_RUNPATH_SEARCH_PATHS = (
					"$(inherited)",
					"@executable_path/Frameworks",
				);
				PRODUCT_BUNDLE_IDENTIFIER = Hyperprism.FavPlace;
				PRODUCT_NAME = FavPlace;
				SWIFT_VERSION = 5.0;
				TARGETED_DEVICE_FAMILY = 1;
			};
			name = Debug;
		};
		C9B454E9247172D900560B22 /* Release */ = {
			isa = XCBuildConfiguration;
			baseConfigurationReference = 6B30CCBEC43E5941097FF6BF /* Pods-Skinema.release.xcconfig */;
			buildSettings = {
				ASSETCATALOG_COMPILER_APPICON_NAME = AppIcon;
				CODE_SIGN_STYLE = Automatic;
				DEVELOPMENT_TEAM = GKZ7DJWHAN;
				INFOPLIST_FILE = Skinema/Info.plist;
				LD_RUNPATH_SEARCH_PATHS = (
					"$(inherited)",
					"@executable_path/Frameworks",
				);
				PRODUCT_BUNDLE_IDENTIFIER = Hyperprism.FavPlace;
				PRODUCT_NAME = FavPlace;
				SWIFT_VERSION = 5.0;
				TARGETED_DEVICE_FAMILY = 1;
			};
			name = Release;
		};
/* End XCBuildConfiguration section */

/* Begin XCConfigurationList section */
		C9B454CE247172D800560B22 /* Build configuration list for PBXProject "Skinema" */ = {
			isa = XCConfigurationList;
			buildConfigurations = (
				C9B454E5247172D900560B22 /* Debug */,
				C9B454E6247172D900560B22 /* Release */,
			);
			defaultConfigurationIsVisible = 0;
			defaultConfigurationName = Release;
		};
		C9B454E7247172D900560B22 /* Build configuration list for PBXNativeTarget "Skinema" */ = {
			isa = XCConfigurationList;
			buildConfigurations = (
				C9B454E8247172D900560B22 /* Debug */,
				C9B454E9247172D900560B22 /* Release */,
			);
			defaultConfigurationIsVisible = 0;
			defaultConfigurationName = Release;
		};
/* End XCConfigurationList section */
	};
	rootObject = C9B454CB247172D800560B22 /* Project object */;
}
